
Microsoft Visual Studio Solution File, Format Version 12.00
# Visual Studio Version 17
VisualStudioVersion = 17.8.34330.188
MinimumVisualStudioVersion = 10.0.40219.1
Project("{FAE04EC0-301F-11D3-BF4B-00C04F79EFBC}") = "Test01_Hello", "Test01_Hello.csproj", "{A2A63B50-6651-4669-A228-DD3EE2E48487}"
EndProject
Project("{FAE04EC0-301F-11D3-BF4B-00C04F79EFBC}") = "Test02-List", "..\Test02-List\Test02-List.csproj", "{185DD12E-3AB5-4BA3-9419-91FEF9CD1C61}"
EndProject
Global
	GlobalSection(SolutionConfigurationPlatforms) = preSolution
		Debug|Any CPU = Debug|Any CPU
		Debug|x64 = Debug|x64
		Release|Any CPU = Release|Any CPU
		Release|x64 = Release|x64
	EndGlobalSection
	GlobalSection(ProjectConfigurationPlatforms) = postSolution
		{A2A63B50-6651-4669-A228-DD3EE2E48487}.Debug|Any CPU.ActiveCfg = Debug|Any CPU
		{A2A63B50-6651-4669-A228-DD3EE2E48487}.Debug|Any CPU.Build.0 = Debug|Any CPU
		{A2A63B50-6651-4669-A228-DD3EE2E48487}.Debug|x64.ActiveCfg = Debug|x64
		{A2A63B50-6651-4669-A228-DD3EE2E48487}.Debug|x64.Build.0 = Debug|x64
		{A2A63B50-6651-4669-A228-DD3EE2E48487}.Release|Any CPU.ActiveCfg = Release|Any CPU
		{A2A63B50-6651-4669-A228-DD3EE2E48487}.Release|Any CPU.Build.0 = Release|Any CPU
		{A2A63B50-6651-4669-A228-DD3EE2E48487}.Release|x64.ActiveCfg = Release|x64
		{A2A63B50-6651-4669-A228-DD3EE2E48487}.Release|x64.Build.0 = Release|x64
		{185DD12E-3AB5-4BA3-9419-91FEF9CD1C61}.Debug|Any CPU.ActiveCfg = Debug|Any CPU
		{185DD12E-3AB5-4BA3-9419-91FEF9CD1C61}.Debug|Any CPU.Build.0 = Debug|Any CPU
		{185DD12E-3AB5-4BA3-9419-91FEF9CD1C61}.Debug|x64.ActiveCfg = Debug|Any CPU
		{185DD12E-3AB5-4BA3-9419-91FEF9CD1C61}.Debug|x64.Build.0 = Debug|Any CPU
		{185DD12E-3AB5-4BA3-9419-91FEF9CD1C61}.Release|Any CPU.ActiveCfg = Release|Any CPU
		{185DD12E-3AB5-4BA3-9419-91FEF9CD1C61}.Release|Any CPU.Build.0 = Release|Any CPU
		{185DD12E-3AB5-4BA3-9419-91FEF9CD1C61}.Release|x64.ActiveCfg = Release|Any CPU
		{185DD12E-3AB5-4BA3-9419-91FEF9CD1C61}.Release|x64.Build.0 = Release|Any CPU
	EndGlobalSection
	GlobalSection(SolutionProperties) = preSolution
		HideSolutionNode = FALSE
	EndGlobalSection
	GlobalSection(ExtensibilityGlobals) = postSolution
		SolutionGuid = {C69A7469-1A8C-414A-8638-F1256B3EA14A}
	EndGlobalSection
EndGlobal
